// !$*UTF8*$!
{
	archiveVersion = 1;
	classes = {
	};
	objectVersion = 46;
	objects = {

/* Begin PBXBuildFile section */
		BA1D819B3A51E2E2B8F54873 /* Pods_Pomodoroban.framework in Frameworks */ = {isa = PBXBuildFile; fileRef = EF4E32D1AB475AB56EF78304 /* Pods_Pomodoroban.framework */; };
		D60AD7601DADBF660011F429 /* IMG_6628.MOV in Resources */ = {isa = PBXBuildFile; fileRef = D60AD75F1DADBF660011F429 /* IMG_6628.MOV */; };
		D60AD76A1DAE40840011F429 /* Assets.xcassets in Resources */ = {isa = PBXBuildFile; fileRef = D60AD7691DAE40840011F429 /* Assets.xcassets */; };
		D60AD76C1DAE41B60011F429 /* UIImage + ColorMask.swift in Sources */ = {isa = PBXBuildFile; fileRef = D60AD76B1DAE41B60011F429 /* UIImage + ColorMask.swift */; };
		D61085351D95ED3F001A203A /* CoreDataServices.swift in Sources */ = {isa = PBXBuildFile; fileRef = D61085341D95ED3F001A203A /* CoreDataServices.swift */; };
		D61085371D960601001A203A /* TimerViewController.swift in Sources */ = {isa = PBXBuildFile; fileRef = D61085361D960601001A203A /* TimerViewController.swift */; };
		D617FB661D9E54C700A4CA53 /* SyncService.swift in Sources */ = {isa = PBXBuildFile; fileRef = D617FB651D9E54C700A4CA53 /* SyncService.swift */; };
		D634BD311DAD1A7B003348D1 /* Runtime.swift in Sources */ = {isa = PBXBuildFile; fileRef = D634BD2F1DAD1A7B003348D1 /* Runtime.swift */; };
		D634BD321DAD1A7B003348D1 /* Runtime+CoreDataProperties.swift in Sources */ = {isa = PBXBuildFile; fileRef = D634BD301DAD1A7B003348D1 /* Runtime+CoreDataProperties.swift */; };
		D6456A5B1DA5013A0002FDA2 /* TicketViewController.swift in Sources */ = {isa = PBXBuildFile; fileRef = D6456A5A1DA5013A0002FDA2 /* TicketViewController.swift */; };
		D6456A681DA534330002FDA2 /* UIColor+Palette.swift in Sources */ = {isa = PBXBuildFile; fileRef = D6456A671DA534330002FDA2 /* UIColor+Palette.swift */; };
		D6456A6A1DA540E70002FDA2 /* UIView+PomodoroRow.swift in Sources */ = {isa = PBXBuildFile; fileRef = D6456A691DA540E70002FDA2 /* UIView+PomodoroRow.swift */; };
		D656B36B1DA413630035500A /* NSDate+Utils.swift in Sources */ = {isa = PBXBuildFile; fileRef = D656B36A1DA413630035500A /* NSDate+Utils.swift */; };
		D67FAECF1D95235B0085BF2D /* BoardTableViewController.swift in Sources */ = {isa = PBXBuildFile; fileRef = D67FAECE1D95235B0085BF2D /* BoardTableViewController.swift */; };
		D67FAED11D952B1C0085BF2D /* TicketTableViewCell.swift in Sources */ = {isa = PBXBuildFile; fileRef = D67FAED01D952B1C0085BF2D /* TicketTableViewCell.swift */; };
		D6E71D801DA3EB5C0055F2AA /* WordsAndQuestionsView.m in Sources */ = {isa = PBXBuildFile; fileRef = D6E71D7E1DA3EB5C0055F2AA /* WordsAndQuestionsView.m */; };
		D6E71D831DA3ECAE0055F2AA /* TagLabel.m in Sources */ = {isa = PBXBuildFile; fileRef = D6E71D821DA3ECAE0055F2AA /* TagLabel.m */; };
		D6E71D871DA3EDBB0055F2AA /* CALayer+Animations.m in Sources */ = {isa = PBXBuildFile; fileRef = D6E71D861DA3EDBB0055F2AA /* CALayer+Animations.m */; };
		D6E71D891DA3EFC10055F2AA /* NaturalLanguageViewController.swift in Sources */ = {isa = PBXBuildFile; fileRef = D6E71D881DA3EFC10055F2AA /* NaturalLanguageViewController.swift */; };
		D6E71D8D1DA3F2A60055F2AA /* StringAndPredicateCollection.m in Sources */ = {isa = PBXBuildFile; fileRef = D6E71D8C1DA3F2A60055F2AA /* StringAndPredicateCollection.m */; };
		D6E71D901DA3F3480055F2AA /* StringAndPredicate.m in Sources */ = {isa = PBXBuildFile; fileRef = D6E71D8F1DA3F3480055F2AA /* StringAndPredicate.m */; };
		D6EA5AF81DABF45C00A59B74 /* GoogleService-Info.plist in Resources */ = {isa = PBXBuildFile; fileRef = D6EA5AF71DABF45C00A59B74 /* GoogleService-Info.plist */; };
		FD5BE9E21C5BB5CA00535A78 /* AppDelegate.swift in Sources */ = {isa = PBXBuildFile; fileRef = FD5BE9E11C5BB5CA00535A78 /* AppDelegate.swift */; };
		FD5BE9E71C5BB5CA00535A78 /* Main.storyboard in Resources */ = {isa = PBXBuildFile; fileRef = FD5BE9E51C5BB5CA00535A78 /* Main.storyboard */; };
		FD5BE9EA1C5BB5CA00535A78 /* Pomodoroban.xcdatamodeld in Sources */ = {isa = PBXBuildFile; fileRef = FD5BE9E81C5BB5CA00535A78 /* Pomodoroban.xcdatamodeld */; };
		FD5BE9EF1C5BB5CA00535A78 /* LaunchScreen.storyboard in Resources */ = {isa = PBXBuildFile; fileRef = FD5BE9ED1C5BB5CA00535A78 /* LaunchScreen.storyboard */; };
		FD5BEA031C5CF83100535A78 /* Ticket+CoreDataProperties.swift in Sources */ = {isa = PBXBuildFile; fileRef = FD5BEA011C5CF83100535A78 /* Ticket+CoreDataProperties.swift */; };
		FD5BEA041C5CF83100535A78 /* Ticket.swift in Sources */ = {isa = PBXBuildFile; fileRef = FD5BEA021C5CF83100535A78 /* Ticket.swift */; };
/* End PBXBuildFile section */

/* Begin PBXFileReference section */
		23425E891A7EAC3EF309C19C /* Pods-Pomodoroban.release.xcconfig */ = {isa = PBXFileReference; includeInIndex = 1; lastKnownFileType = text.xcconfig; name = "Pods-Pomodoroban.release.xcconfig"; path = "Pods/Target Support Files/Pods-Pomodoroban/Pods-Pomodoroban.release.xcconfig"; sourceTree = "<group>"; };
		9D58ACCE5609D27AF5B640F2 /* Pods-Pomodoroban.debug.xcconfig */ = {isa = PBXFileReference; includeInIndex = 1; lastKnownFileType = text.xcconfig; name = "Pods-Pomodoroban.debug.xcconfig"; path = "Pods/Target Support Files/Pods-Pomodoroban/Pods-Pomodoroban.debug.xcconfig"; sourceTree = "<group>"; };
		D60AD75F1DADBF660011F429 /* IMG_6628.MOV */ = {isa = PBXFileReference; lastKnownFileType = video.quicktime; path = IMG_6628.MOV; sourceTree = "<group>"; };
		D60AD7691DAE40840011F429 /* Assets.xcassets */ = {isa = PBXFileReference; lastKnownFileType = folder.assetcatalog; path = Assets.xcassets; sourceTree = "<group>"; };
		D60AD76B1DAE41B60011F429 /* UIImage + ColorMask.swift */ = {isa = PBXFileReference; fileEncoding = 4; lastKnownFileType = sourcecode.swift; path = "UIImage + ColorMask.swift"; sourceTree = "<group>"; };
		D61085341D95ED3F001A203A /* CoreDataServices.swift */ = {isa = PBXFileReference; fileEncoding = 4; lastKnownFileType = sourcecode.swift; path = CoreDataServices.swift; sourceTree = "<group>"; };
		D61085361D960601001A203A /* TimerViewController.swift */ = {isa = PBXFileReference; fileEncoding = 4; lastKnownFileType = sourcecode.swift; path = TimerViewController.swift; sourceTree = "<group>"; };
		D617FB651D9E54C700A4CA53 /* SyncService.swift */ = {isa = PBXFileReference; fileEncoding = 4; lastKnownFileType = sourcecode.swift; path = SyncService.swift; sourceTree = "<group>"; };
		D634BD2F1DAD1A7B003348D1 /* Runtime.swift */ = {isa = PBXFileReference; fileEncoding = 4; lastKnownFileType = sourcecode.swift; path = Runtime.swift; sourceTree = "<group>"; };
		D634BD301DAD1A7B003348D1 /* Runtime+CoreDataProperties.swift */ = {isa = PBXFileReference; fileEncoding = 4; lastKnownFileType = sourcecode.swift; path = "Runtime+CoreDataProperties.swift"; sourceTree = "<group>"; };
		D6456A5A1DA5013A0002FDA2 /* TicketViewController.swift */ = {isa = PBXFileReference; fileEncoding = 4; lastKnownFileType = sourcecode.swift; path = TicketViewController.swift; sourceTree = "<group>"; };
		D6456A671DA534330002FDA2 /* UIColor+Palette.swift */ = {isa = PBXFileReference; fileEncoding = 4; lastKnownFileType = sourcecode.swift; path = "UIColor+Palette.swift"; sourceTree = "<group>"; };
		D6456A691DA540E70002FDA2 /* UIView+PomodoroRow.swift */ = {isa = PBXFileReference; fileEncoding = 4; lastKnownFileType = sourcecode.swift; path = "UIView+PomodoroRow.swift"; sourceTree = "<group>"; };
		D656B36A1DA413630035500A /* NSDate+Utils.swift */ = {isa = PBXFileReference; fileEncoding = 4; lastKnownFileType = sourcecode.swift; path = "NSDate+Utils.swift"; sourceTree = "<group>"; };
		D67FAECE1D95235B0085BF2D /* BoardTableViewController.swift */ = {isa = PBXFileReference; fileEncoding = 4; lastKnownFileType = sourcecode.swift; path = BoardTableViewController.swift; sourceTree = "<group>"; };
		D67FAED01D952B1C0085BF2D /* TicketTableViewCell.swift */ = {isa = PBXFileReference; fileEncoding = 4; lastKnownFileType = sourcecode.swift; path = TicketTableViewCell.swift; sourceTree = "<group>"; };
		D67FAED21D953B980085BF2D /* Pomodoroban-Bridging-Header.h */ = {isa = PBXFileReference; lastKnownFileType = sourcecode.c.h; path = "Pomodoroban-Bridging-Header.h"; sourceTree = "<group>"; };
		D6E71D7D1DA3EB5C0055F2AA /* WordsAndQuestionsView.h */ = {isa = PBXFileReference; fileEncoding = 4; lastKnownFileType = sourcecode.c.h; path = WordsAndQuestionsView.h; sourceTree = "<group>"; };
		D6E71D7E1DA3EB5C0055F2AA /* WordsAndQuestionsView.m */ = {isa = PBXFileReference; fileEncoding = 4; lastKnownFileType = sourcecode.c.objc; path = WordsAndQuestionsView.m; sourceTree = "<group>"; };
		D6E71D7F1DA3EB5C0055F2AA /* WordsAndQuestionsViewDelegate.h */ = {isa = PBXFileReference; fileEncoding = 4; lastKnownFileType = sourcecode.c.h; path = WordsAndQuestionsViewDelegate.h; sourceTree = "<group>"; };
		D6E71D811DA3ECAE0055F2AA /* TagLabel.h */ = {isa = PBXFileReference; fileEncoding = 4; lastKnownFileType = sourcecode.c.h; path = TagLabel.h; sourceTree = "<group>"; };
		D6E71D821DA3ECAE0055F2AA /* TagLabel.m */ = {isa = PBXFileReference; fileEncoding = 4; lastKnownFileType = sourcecode.c.objc; path = TagLabel.m; sourceTree = "<group>"; };
		D6E71D841DA3ECCF0055F2AA /* TagLabelDelegate.h */ = {isa = PBXFileReference; lastKnownFileType = sourcecode.c.h; path = TagLabelDelegate.h; sourceTree = "<group>"; };
		D6E71D851DA3EDBB0055F2AA /* CALayer+Animations.h */ = {isa = PBXFileReference; fileEncoding = 4; lastKnownFileType = sourcecode.c.h; path = "CALayer+Animations.h"; sourceTree = "<group>"; };
		D6E71D861DA3EDBB0055F2AA /* CALayer+Animations.m */ = {isa = PBXFileReference; fileEncoding = 4; lastKnownFileType = sourcecode.c.objc; path = "CALayer+Animations.m"; sourceTree = "<group>"; };
		D6E71D881DA3EFC10055F2AA /* NaturalLanguageViewController.swift */ = {isa = PBXFileReference; fileEncoding = 4; lastKnownFileType = sourcecode.swift; path = NaturalLanguageViewController.swift; sourceTree = "<group>"; };
		D6E71D8B1DA3F2A60055F2AA /* StringAndPredicateCollection.h */ = {isa = PBXFileReference; fileEncoding = 4; lastKnownFileType = sourcecode.c.h; path = StringAndPredicateCollection.h; sourceTree = "<group>"; };
		D6E71D8C1DA3F2A60055F2AA /* StringAndPredicateCollection.m */ = {isa = PBXFileReference; fileEncoding = 4; lastKnownFileType = sourcecode.c.objc; path = StringAndPredicateCollection.m; sourceTree = "<group>"; };
		D6E71D8E1DA3F3480055F2AA /* StringAndPredicate.h */ = {isa = PBXFileReference; fileEncoding = 4; lastKnownFileType = sourcecode.c.h; path = StringAndPredicate.h; sourceTree = "<group>"; };
		D6E71D8F1DA3F3480055F2AA /* StringAndPredicate.m */ = {isa = PBXFileReference; fileEncoding = 4; lastKnownFileType = sourcecode.c.objc; path = StringAndPredicate.m; sourceTree = "<group>"; };
		D6EA5AF71DABF45C00A59B74 /* GoogleService-Info.plist */ = {isa = PBXFileReference; fileEncoding = 4; lastKnownFileType = text.plist.xml; path = "GoogleService-Info.plist"; sourceTree = "<group>"; };
		EF4E32D1AB475AB56EF78304 /* Pods_Pomodoroban.framework */ = {isa = PBXFileReference; explicitFileType = wrapper.framework; includeInIndex = 0; path = Pods_Pomodoroban.framework; sourceTree = BUILT_PRODUCTS_DIR; };
		FD5BE9DE1C5BB5CA00535A78 /* Pomodoroban.app */ = {isa = PBXFileReference; explicitFileType = wrapper.application; includeInIndex = 0; path = Pomodoroban.app; sourceTree = BUILT_PRODUCTS_DIR; };
		FD5BE9E11C5BB5CA00535A78 /* AppDelegate.swift */ = {isa = PBXFileReference; lastKnownFileType = sourcecode.swift; path = AppDelegate.swift; sourceTree = "<group>"; };
		FD5BE9E61C5BB5CA00535A78 /* Base */ = {isa = PBXFileReference; lastKnownFileType = file.storyboard; name = Base; path = Base.lproj/Main.storyboard; sourceTree = "<group>"; };
		FD5BE9E91C5BB5CA00535A78 /* Pomodoroban.xcdatamodel */ = {isa = PBXFileReference; lastKnownFileType = wrapper.xcdatamodel; path = Pomodoroban.xcdatamodel; sourceTree = "<group>"; };
		FD5BE9EE1C5BB5CA00535A78 /* Base */ = {isa = PBXFileReference; lastKnownFileType = file.storyboard; name = Base; path = Base.lproj/LaunchScreen.storyboard; sourceTree = "<group>"; };
		FD5BE9F01C5BB5CA00535A78 /* Info.plist */ = {isa = PBXFileReference; lastKnownFileType = text.plist.xml; path = Info.plist; sourceTree = "<group>"; };
		FD5BEA011C5CF83100535A78 /* Ticket+CoreDataProperties.swift */ = {isa = PBXFileReference; fileEncoding = 4; lastKnownFileType = sourcecode.swift; path = "Ticket+CoreDataProperties.swift"; sourceTree = "<group>"; };
		FD5BEA021C5CF83100535A78 /* Ticket.swift */ = {isa = PBXFileReference; fileEncoding = 4; lastKnownFileType = sourcecode.swift; path = Ticket.swift; sourceTree = "<group>"; };
/* End PBXFileReference section */

/* Begin PBXFrameworksBuildPhase section */
		FD5BE9DB1C5BB5CA00535A78 /* Frameworks */ = {
			isa = PBXFrameworksBuildPhase;
			buildActionMask = 2147483647;
			files = (
				BA1D819B3A51E2E2B8F54873 /* Pods_Pomodoroban.framework in Frameworks */,
			);
			runOnlyForDeploymentPostprocessing = 0;
		};
/* End PBXFrameworksBuildPhase section */

/* Begin PBXGroup section */
		C2DD826BAC6C302BCDEA78A4 /* Pods */ = {
			isa = PBXGroup;
			children = (
				9D58ACCE5609D27AF5B640F2 /* Pods-Pomodoroban.debug.xcconfig */,
				23425E891A7EAC3EF309C19C /* Pods-Pomodoroban.release.xcconfig */,
			);
			name = Pods;
			sourceTree = "<group>";
		};
		D656B3691DA4134A0035500A /* Extensions */ = {
			isa = PBXGroup;
			children = (
				D656B36A1DA413630035500A /* NSDate+Utils.swift */,
				D6456A671DA534330002FDA2 /* UIColor+Palette.swift */,
				D6456A691DA540E70002FDA2 /* UIView+PomodoroRow.swift */,
				D60AD76B1DAE41B60011F429 /* UIImage + ColorMask.swift */,
			);
			name = Extensions;
			sourceTree = "<group>";
		};
		D6E71D911DA3F46E0055F2AA /* WordsAndQuestions */ = {
			isa = PBXGroup;
			children = (
				D6E71D8B1DA3F2A60055F2AA /* StringAndPredicateCollection.h */,
				D6E71D8C1DA3F2A60055F2AA /* StringAndPredicateCollection.m */,
				D6E71D8E1DA3F3480055F2AA /* StringAndPredicate.h */,
				D6E71D8F1DA3F3480055F2AA /* StringAndPredicate.m */,
				D6E71D841DA3ECCF0055F2AA /* TagLabelDelegate.h */,
				D6E71D811DA3ECAE0055F2AA /* TagLabel.h */,
				D6E71D821DA3ECAE0055F2AA /* TagLabel.m */,
				D6E71D7D1DA3EB5C0055F2AA /* WordsAndQuestionsView.h */,
				D6E71D7E1DA3EB5C0055F2AA /* WordsAndQuestionsView.m */,
				D6E71D7F1DA3EB5C0055F2AA /* WordsAndQuestionsViewDelegate.h */,
			);
			name = WordsAndQuestions;
			sourceTree = "<group>";
		};
		F4F5D3E43E8381989A60FBB6 /* Frameworks */ = {
			isa = PBXGroup;
			children = (
				EF4E32D1AB475AB56EF78304 /* Pods_Pomodoroban.framework */,
			);
			name = Frameworks;
			sourceTree = "<group>";
		};
		FD5BE9D51C5BB5CA00535A78 = {
			isa = PBXGroup;
			children = (
				FD5BE9E01C5BB5CA00535A78 /* Pomodoroban */,
				FD5BE9DF1C5BB5CA00535A78 /* Products */,
				C2DD826BAC6C302BCDEA78A4 /* Pods */,
				F4F5D3E43E8381989A60FBB6 /* Frameworks */,
			);
			sourceTree = "<group>";
		};
		FD5BE9DF1C5BB5CA00535A78 /* Products */ = {
			isa = PBXGroup;
			children = (
				FD5BE9DE1C5BB5CA00535A78 /* Pomodoroban.app */,
			);
			name = Products;
			sourceTree = "<group>";
		};
		FD5BE9E01C5BB5CA00535A78 /* Pomodoroban */ = {
			isa = PBXGroup;
			children = (
				D656B3691DA4134A0035500A /* Extensions */,
				D6E71D911DA3F46E0055F2AA /* WordsAndQuestions */,
				FD5BEA051C5CF86B00535A78 /* Other */,
				FD5BE9FE1C5CF79400535A78 /* ViewControllers */,
				FD5BE9FD1C5CF77100535A78 /* Model */,
			);
			path = Pomodoroban;
			sourceTree = "<group>";
		};
		FD5BE9FD1C5CF77100535A78 /* Model */ = {
			isa = PBXGroup;
			children = (
				FD5BE9E81C5BB5CA00535A78 /* Pomodoroban.xcdatamodeld */,
				D634BD2F1DAD1A7B003348D1 /* Runtime.swift */,
				D634BD301DAD1A7B003348D1 /* Runtime+CoreDataProperties.swift */,
				FD5BEA021C5CF83100535A78 /* Ticket.swift */,
				FD5BEA011C5CF83100535A78 /* Ticket+CoreDataProperties.swift */,
			);
			name = Model;
			sourceTree = "<group>";
		};
		FD5BE9FE1C5CF79400535A78 /* ViewControllers */ = {
			isa = PBXGroup;
			children = (
				D67FAECE1D95235B0085BF2D /* BoardTableViewController.swift */,
				D67FAED01D952B1C0085BF2D /* TicketTableViewCell.swift */,
				D61085361D960601001A203A /* TimerViewController.swift */,
				D6E71D881DA3EFC10055F2AA /* NaturalLanguageViewController.swift */,
				D6456A5A1DA5013A0002FDA2 /* TicketViewController.swift */,
			);
			name = ViewControllers;
			sourceTree = "<group>";
		};
		FD5BEA051C5CF86B00535A78 /* Other */ = {
			isa = PBXGroup;
			children = (
				D60AD75F1DADBF660011F429 /* IMG_6628.MOV */,
				D6E71D851DA3EDBB0055F2AA /* CALayer+Animations.h */,
				D6E71D861DA3EDBB0055F2AA /* CALayer+Animations.m */,
				D6EA5AF71DABF45C00A59B74 /* GoogleService-Info.plist */,
				D61085341D95ED3F001A203A /* CoreDataServices.swift */,
				D60AD7691DAE40840011F429 /* Assets.xcassets */,
				FD5BE9E11C5BB5CA00535A78 /* AppDelegate.swift */,
				FD5BE9F01C5BB5CA00535A78 /* Info.plist */,
				FD5BE9ED1C5BB5CA00535A78 /* LaunchScreen.storyboard */,
				FD5BE9E51C5BB5CA00535A78 /* Main.storyboard */,
				D617FB651D9E54C700A4CA53 /* SyncService.swift */,
				D67FAED21D953B980085BF2D /* Pomodoroban-Bridging-Header.h */,
			);
			name = Other;
			sourceTree = "<group>";
		};
/* End PBXGroup section */

/* Begin PBXNativeTarget section */
		FD5BE9DD1C5BB5CA00535A78 /* Pomodoroban */ = {
			isa = PBXNativeTarget;
			buildConfigurationList = FD5BE9F31C5BB5CA00535A78 /* Build configuration list for PBXNativeTarget "Pomodoroban" */;
			buildPhases = (
				A646857FA11FF253FBC5A8BA /* [CP] Check Pods Manifest.lock */,
				FD5BE9DA1C5BB5CA00535A78 /* Sources */,
				FD5BE9DB1C5BB5CA00535A78 /* Frameworks */,
				FD5BE9DC1C5BB5CA00535A78 /* Resources */,
				D6456A781DA6B71B0002FDA2 /* ShellScript */,
				2A3E6027634F7CB2B68C8B29 /* [CP] Embed Pods Frameworks */,
				5D85B660991FB8D6409497C1 /* [CP] Copy Pods Resources */,
			);
			buildRules = (
			);
			dependencies = (
			);
			name = Pomodoroban;
			productName = Pomodoroban;
			productReference = FD5BE9DE1C5BB5CA00535A78 /* Pomodoroban.app */;
			productType = "com.apple.product-type.application";
		};
/* End PBXNativeTarget section */

/* Begin PBXProject section */
		FD5BE9D61C5BB5CA00535A78 /* Project object */ = {
			isa = PBXProject;
			attributes = {
				LastSwiftUpdateCheck = 0720;
				LastUpgradeCheck = 0800;
				ORGANIZATIONNAME = LondonSwift;
				TargetAttributes = {
					FD5BE9DD1C5BB5CA00535A78 = {
						CreatedOnToolsVersion = 7.2;
						DevelopmentTeam = 3U786KR73N;
						LastSwiftMigration = 0800;
						ProvisioningStyle = Automatic;
					};
				};
			};
			buildConfigurationList = FD5BE9D91C5BB5CA00535A78 /* Build configuration list for PBXProject "Pomodoroban" */;
			compatibilityVersion = "Xcode 3.2";
			developmentRegion = English;
			hasScannedForEncodings = 0;
			knownRegions = (
				en,
				Base,
			);
			mainGroup = FD5BE9D51C5BB5CA00535A78;
			productRefGroup = FD5BE9DF1C5BB5CA00535A78 /* Products */;
			projectDirPath = "";
			projectRoot = "";
			targets = (
				FD5BE9DD1C5BB5CA00535A78 /* Pomodoroban */,
			);
		};
/* End PBXProject section */

/* Begin PBXResourcesBuildPhase section */
		FD5BE9DC1C5BB5CA00535A78 /* Resources */ = {
			isa = PBXResourcesBuildPhase;
			buildActionMask = 2147483647;
			files = (
				FD5BE9EF1C5BB5CA00535A78 /* LaunchScreen.storyboard in Resources */,
				D60AD7601DADBF660011F429 /* IMG_6628.MOV in Resources */,
				D6EA5AF81DABF45C00A59B74 /* GoogleService-Info.plist in Resources */,
				FD5BE9E71C5BB5CA00535A78 /* Main.storyboard in Resources */,
				D60AD76A1DAE40840011F429 /* Assets.xcassets in Resources */,
			);
			runOnlyForDeploymentPostprocessing = 0;
		};
/* End PBXResourcesBuildPhase section */

/* Begin PBXShellScriptBuildPhase section */
		2A3E6027634F7CB2B68C8B29 /* [CP] Embed Pods Frameworks */ = {
			isa = PBXShellScriptBuildPhase;
			buildActionMask = 2147483647;
			files = (
			);
			inputPaths = (
			);
			name = "[CP] Embed Pods Frameworks";
			outputPaths = (
			);
			runOnlyForDeploymentPostprocessing = 0;
			shellPath = /bin/sh;
			shellScript = "\"${SRCROOT}/Pods/Target Support Files/Pods-Pomodoroban/Pods-Pomodoroban-frameworks.sh\"\n";
			showEnvVarsInLog = 0;
		};
		5D85B660991FB8D6409497C1 /* [CP] Copy Pods Resources */ = {
			isa = PBXShellScriptBuildPhase;
			buildActionMask = 2147483647;
			files = (
			);
			inputPaths = (
			);
			name = "[CP] Copy Pods Resources";
			outputPaths = (
			);
			runOnlyForDeploymentPostprocessing = 0;
			shellPath = /bin/sh;
			shellScript = "\"${SRCROOT}/Pods/Target Support Files/Pods-Pomodoroban/Pods-Pomodoroban-resources.sh\"\n";
			showEnvVarsInLog = 0;
		};
		A646857FA11FF253FBC5A8BA /* [CP] Check Pods Manifest.lock */ = {
			isa = PBXShellScriptBuildPhase;
			buildActionMask = 2147483647;
			files = (
			);
			inputPaths = (
			);
			name = "[CP] Check Pods Manifest.lock";
			outputPaths = (
			);
			runOnlyForDeploymentPostprocessing = 0;
			shellPath = /bin/sh;
			shellScript = "diff \"${PODS_ROOT}/../Podfile.lock\" \"${PODS_ROOT}/Manifest.lock\" > /dev/null\nif [ $? != 0 ] ; then\n    # print error to STDERR\n    echo \"error: The sandbox is not in sync with the Podfile.lock. Run 'pod install' or update your CocoaPods installation.\" >&2\n    exit 1\nfi\n";
			showEnvVarsInLog = 0;
		};
		D6456A781DA6B71B0002FDA2 /* ShellScript */ = {
			isa = PBXShellScriptBuildPhase;
			buildActionMask = 2147483647;
			files = (
			);
			inputPaths = (
			);
			outputPaths = (
			);
			runOnlyForDeploymentPostprocessing = 0;
			shellPath = /bin/sh;
			shellScript = "\"${PODS_ROOT}/Fabric/run\" 3ef96aea5c3fc3bce538d64de1b929e339cf407f 1280a7ecf875ed15aa7be8f93a3ffa0387bdf2b0dbfc4848097db199ccbd51df";
		};
/* End PBXShellScriptBuildPhase section */

/* Begin PBXSourcesBuildPhase section */
		FD5BE9DA1C5BB5CA00535A78 /* Sources */ = {
			isa = PBXSourcesBuildPhase;
			buildActionMask = 2147483647;
			files = (
				FD5BE9EA1C5BB5CA00535A78 /* Pomodoroban.xcdatamodeld in Sources */,
				D67FAED11D952B1C0085BF2D /* TicketTableViewCell.swift in Sources */,
				D656B36B1DA413630035500A /* NSDate+Utils.swift in Sources */,
				D6E71D871DA3EDBB0055F2AA /* CALayer+Animations.m in Sources */,
				FD5BEA041C5CF83100535A78 /* Ticket.swift in Sources */,
				D634BD311DAD1A7B003348D1 /* Runtime.swift in Sources */,
				D634BD321DAD1A7B003348D1 /* Runtime+CoreDataProperties.swift in Sources */,
				D60AD76C1DAE41B60011F429 /* UIImage + ColorMask.swift in Sources */,
				D6456A6A1DA540E70002FDA2 /* UIView+PomodoroRow.swift in Sources */,
				D6456A681DA534330002FDA2 /* UIColor+Palette.swift in Sources */,
				D617FB661D9E54C700A4CA53 /* SyncService.swift in Sources */,
				D6E71D891DA3EFC10055F2AA /* NaturalLanguageViewController.swift in Sources */,
				D6456A5B1DA5013A0002FDA2 /* TicketViewController.swift in Sources */,
				D67FAECF1D95235B0085BF2D /* BoardTableViewController.swift in Sources */,
				D6E71D8D1DA3F2A60055F2AA /* StringAndPredicateCollection.m in Sources */,
				FD5BEA031C5CF83100535A78 /* Ticket+CoreDataProperties.swift in Sources */,
				D6E71D901DA3F3480055F2AA /* StringAndPredicate.m in Sources */,
				D61085351D95ED3F001A203A /* CoreDataServices.swift in Sources */,
				D61085371D960601001A203A /* TimerViewController.swift in Sources */,
				D6E71D831DA3ECAE0055F2AA /* TagLabel.m in Sources */,
				D6E71D801DA3EB5C0055F2AA /* WordsAndQuestionsView.m in Sources */,
				FD5BE9E21C5BB5CA00535A78 /* AppDelegate.swift in Sources */,
			);
			runOnlyForDeploymentPostprocessing = 0;
		};
/* End PBXSourcesBuildPhase section */

/* Begin PBXVariantGroup section */
		FD5BE9E51C5BB5CA00535A78 /* Main.storyboard */ = {
			isa = PBXVariantGroup;
			children = (
				FD5BE9E61C5BB5CA00535A78 /* Base */,
			);
			name = Main.storyboard;
			sourceTree = "<group>";
		};
		FD5BE9ED1C5BB5CA00535A78 /* LaunchScreen.storyboard */ = {
			isa = PBXVariantGroup;
			children = (
				FD5BE9EE1C5BB5CA00535A78 /* Base */,
			);
			name = LaunchScreen.storyboard;
			sourceTree = "<group>";
		};
/* End PBXVariantGroup section */

/* Begin XCBuildConfiguration section */
		FD5BE9F11C5BB5CA00535A78 /* Debug */ = {
			isa = XCBuildConfiguration;
			buildSettings = {
				ALWAYS_SEARCH_USER_PATHS = NO;
				CLANG_CXX_LANGUAGE_STANDARD = "gnu++0x";
				CLANG_CXX_LIBRARY = "libc++";
				CLANG_ENABLE_MODULES = YES;
				CLANG_ENABLE_OBJC_ARC = YES;
				CLANG_WARN_BOOL_CONVERSION = YES;
				CLANG_WARN_CONSTANT_CONVERSION = YES;
				CLANG_WARN_DIRECT_OBJC_ISA_USAGE = YES_ERROR;
				CLANG_WARN_EMPTY_BODY = YES;
				CLANG_WARN_ENUM_CONVERSION = YES;
				CLANG_WARN_INFINITE_RECURSION = YES;
				CLANG_WARN_INT_CONVERSION = YES;
				CLANG_WARN_OBJC_ROOT_CLASS = YES_ERROR;
				CLANG_WARN_SUSPICIOUS_MOVE = YES;
				CLANG_WARN_UNREACHABLE_CODE = YES;
				CLANG_WARN__DUPLICATE_METHOD_MATCH = YES;
				"CODE_SIGN_IDENTITY[sdk=iphoneos*]" = "iPhone Developer";
				COPY_PHASE_STRIP = NO;
				DEBUG_INFORMATION_FORMAT = dwarf;
				ENABLE_STRICT_OBJC_MSGSEND = YES;
				ENABLE_TESTABILITY = YES;
				GCC_C_LANGUAGE_STANDARD = gnu99;
				GCC_DYNAMIC_NO_PIC = NO;
				GCC_NO_COMMON_BLOCKS = YES;
				GCC_OPTIMIZATION_LEVEL = 0;
				GCC_PREPROCESSOR_DEFINITIONS = (
					"DEBUG=1",
					"$(inherited)",
				);
				GCC_WARN_64_TO_32_BIT_CONVERSION = YES;
				GCC_WARN_ABOUT_RETURN_TYPE = YES_ERROR;
				GCC_WARN_UNDECLARED_SELECTOR = YES;
				GCC_WARN_UNINITIALIZED_AUTOS = YES_AGGRESSIVE;
				GCC_WARN_UNUSED_FUNCTION = YES;
				GCC_WARN_UNUSED_VARIABLE = YES;
				IPHONEOS_DEPLOYMENT_TARGET = 10.0;
				MTL_ENABLE_DEBUG_INFO = YES;
				ONLY_ACTIVE_ARCH = YES;
				SDKROOT = iphoneos;
				SWIFT_OPTIMIZATION_LEVEL = "-Onone";
				TARGETED_DEVICE_FAMILY = "1,2";
			};
			name = Debug;
		};
		FD5BE9F21C5BB5CA00535A78 /* Release */ = {
			isa = XCBuildConfiguration;
			buildSettings = {
				ALWAYS_SEARCH_USER_PATHS = NO;
				CLANG_CXX_LANGUAGE_STANDARD = "gnu++0x";
				CLANG_CXX_LIBRARY = "libc++";
				CLANG_ENABLE_MODULES = YES;
				CLANG_ENABLE_OBJC_ARC = YES;
				CLANG_WARN_BOOL_CONVERSION = YES;
				CLANG_WARN_CONSTANT_CONVERSION = YES;
				CLANG_WARN_DIRECT_OBJC_ISA_USAGE = YES_ERROR;
				CLANG_WARN_EMPTY_BODY = YES;
				CLANG_WARN_ENUM_CONVERSION = YES;
				CLANG_WARN_INFINITE_RECURSION = YES;
				CLANG_WARN_INT_CONVERSION = YES;
				CLANG_WARN_OBJC_ROOT_CLASS = YES_ERROR;
				CLANG_WARN_SUSPICIOUS_MOVE = YES;
				CLANG_WARN_UNREACHABLE_CODE = YES;
				CLANG_WARN__DUPLICATE_METHOD_MATCH = YES;
				"CODE_SIGN_IDENTITY[sdk=iphoneos*]" = "iPhone Developer";
				COPY_PHASE_STRIP = NO;
				DEBUG_INFORMATION_FORMAT = "dwarf-with-dsym";
				ENABLE_NS_ASSERTIONS = NO;
				ENABLE_STRICT_OBJC_MSGSEND = YES;
				GCC_C_LANGUAGE_STANDARD = gnu99;
				GCC_NO_COMMON_BLOCKS = YES;
				GCC_WARN_64_TO_32_BIT_CONVERSION = YES;
				GCC_WARN_ABOUT_RETURN_TYPE = YES_ERROR;
				GCC_WARN_UNDECLARED_SELECTOR = YES;
				GCC_WARN_UNINITIALIZED_AUTOS = YES_AGGRESSIVE;
				GCC_WARN_UNUSED_FUNCTION = YES;
				GCC_WARN_UNUSED_VARIABLE = YES;
				IPHONEOS_DEPLOYMENT_TARGET = 10.0;
				MTL_ENABLE_DEBUG_INFO = NO;
				SDKROOT = iphoneos;
				SWIFT_OPTIMIZATION_LEVEL = "-Owholemodule";
				TARGETED_DEVICE_FAMILY = "1,2";
				VALIDATE_PRODUCT = YES;
			};
			name = Release;
		};
		FD5BE9F41C5BB5CA00535A78 /* Debug */ = {
			isa = XCBuildConfiguration;
			baseConfigurationReference = 9D58ACCE5609D27AF5B640F2 /* Pods-Pomodoroban.debug.xcconfig */;
			buildSettings = {
				ASSETCATALOG_COMPILER_APPICON_NAME = AppIcon;
				CLANG_ENABLE_MODULES = YES;
				CODE_SIGN_IDENTITY = "iPhone Developer";
				"CODE_SIGN_IDENTITY[sdk=iphoneos*]" = "iPhone Developer";
				DEVELOPMENT_TEAM = "";
				INFOPLIST_FILE = Pomodoroban/Info.plist;
				LD_RUNPATH_SEARCH_PATHS = "$(inherited) @executable_path/Frameworks";
				PRODUCT_BUNDLE_IDENTIFIER = com.LondonSwift.Pomodoroban;
				PRODUCT_NAME = "$(TARGET_NAME)";
				PROVISIONING_PROFILE = "";
				PROVISIONING_PROFILE_SPECIFIER = "";
				SWIFT_OBJC_BRIDGING_HEADER = "Pomodoroban/Pomodoroban-Bridging-Header.h";
				SWIFT_OPTIMIZATION_LEVEL = "-Onone";
				SWIFT_VERSION = 2.3;
			};
			name = Debug;
		};
		FD5BE9F51C5BB5CA00535A78 /* Release */ = {
			isa = XCBuildConfiguration;
			baseConfigurationReference = 23425E891A7EAC3EF309C19C /* Pods-Pomodoroban.release.xcconfig */;
			buildSettings = {
				ASSETCATALOG_COMPILER_APPICON_NAME = AppIcon;
				CLANG_ENABLE_MODULES = YES;
				CODE_SIGN_IDENTITY = "iPhone Developer";
				"CODE_SIGN_IDENTITY[sdk=iphoneos*]" = "iPhone Developer";
				DEVELOPMENT_TEAM = "";
				INFOPLIST_FILE = Pomodoroban/Info.plist;
				LD_RUNPATH_SEARCH_PATHS = "$(inherited) @executable_path/Frameworks";
				PRODUCT_BUNDLE_IDENTIFIER = com.LondonSwift.Pomodoroban;
				PRODUCT_NAME = "$(TARGET_NAME)";
				PROVISIONING_PROFILE = "";
				PROVISIONING_PROFILE_SPECIFIER = "";
				SWIFT_OBJC_BRIDGING_HEADER = "Pomodoroban/Pomodoroban-Bridging-Header.h";
				SWIFT_VERSION = 2.3;
			};
			name = Release;
		};
/* End XCBuildConfiguration section */

/* Begin XCConfigurationList section */
		FD5BE9D91C5BB5CA00535A78 /* Build configuration list for PBXProject "Pomodoroban" */ = {
			isa = XCConfigurationList;
			buildConfigurations = (
				FD5BE9F11C5BB5CA00535A78 /* Debug */,
				FD5BE9F21C5BB5CA00535A78 /* Release */,
			);
			defaultConfigurationIsVisible = 0;
			defaultConfigurationName = Release;
		};
		FD5BE9F31C5BB5CA00535A78 /* Build configuration list for PBXNativeTarget "Pomodoroban" */ = {
			isa = XCConfigurationList;
			buildConfigurations = (
				FD5BE9F41C5BB5CA00535A78 /* Debug */,
				FD5BE9F51C5BB5CA00535A78 /* Release */,
			);
			defaultConfigurationIsVisible = 0;
			defaultConfigurationName = Release;
		};
/* End XCConfigurationList section */

/* Begin XCVersionGroup section */
		FD5BE9E81C5BB5CA00535A78 /* Pomodoroban.xcdatamodeld */ = {
			isa = XCVersionGroup;
			children = (
				FD5BE9E91C5BB5CA00535A78 /* Pomodoroban.xcdatamodel */,
			);
			currentVersion = FD5BE9E91C5BB5CA00535A78 /* Pomodoroban.xcdatamodel */;
			path = Pomodoroban.xcdatamodeld;
			sourceTree = "<group>";
			versionGroupType = wrapper.xcdatamodel;
		};
/* End XCVersionGroup section */
	};
	rootObject = FD5BE9D61C5BB5CA00535A78 /* Project object */;
}
