// !$*UTF8*$!
{
	archiveVersion = 1;
	classes = {
	};
	objectVersion = 46;
	objects = {

/* Begin PBXBuildFile section */
		CEED4B03B80165D5FAF8E393 /* Pods.framework in Frameworks */ = {isa = PBXBuildFile; fileRef = A70D8BAA4B5766D09D5F2FDE /* Pods.framework */; };
		FD5BE9E21C5BB5CA00535A78 /* AppDelegate.swift in Sources */ = {isa = PBXBuildFile; fileRef = FD5BE9E11C5BB5CA00535A78 /* AppDelegate.swift */; };
		FD5BE9E71C5BB5CA00535A78 /* Main.storyboard in Resources */ = {isa = PBXBuildFile; fileRef = FD5BE9E51C5BB5CA00535A78 /* Main.storyboard */; };
		FD5BE9EA1C5BB5CA00535A78 /* Pomodoroban.xcdatamodeld in Sources */ = {isa = PBXBuildFile; fileRef = FD5BE9E81C5BB5CA00535A78 /* Pomodoroban.xcdatamodeld */; };
		FD5BE9EC1C5BB5CA00535A78 /* Assets.xcassets in Resources */ = {isa = PBXBuildFile; fileRef = FD5BE9EB1C5BB5CA00535A78 /* Assets.xcassets */; };
		FD5BE9EF1C5BB5CA00535A78 /* LaunchScreen.storyboard in Resources */ = {isa = PBXBuildFile; fileRef = FD5BE9ED1C5BB5CA00535A78 /* LaunchScreen.storyboard */; };
		FD5BE9F71C5BD21100535A78 /* PomodoroViewController.swift in Sources */ = {isa = PBXBuildFile; fileRef = FD5BE9F61C5BD21100535A78 /* PomodoroViewController.swift */; };
		FD5BEA031C5CF83100535A78 /* Ticket+CoreDataProperties.swift in Sources */ = {isa = PBXBuildFile; fileRef = FD5BEA011C5CF83100535A78 /* Ticket+CoreDataProperties.swift */; };
		FD5BEA041C5CF83100535A78 /* Ticket.swift in Sources */ = {isa = PBXBuildFile; fileRef = FD5BEA021C5CF83100535A78 /* Ticket.swift */; };
		FD5BEA071C5CF92A00535A78 /* BoardCollectionViewController.swift in Sources */ = {isa = PBXBuildFile; fileRef = FD5BEA061C5CF92A00535A78 /* BoardCollectionViewController.swift */; };
		FD5BEA091C5D049400535A78 /* TicketCollectionViewCell.swift in Sources */ = {isa = PBXBuildFile; fileRef = FD5BEA081C5D049400535A78 /* TicketCollectionViewCell.swift */; };
		FDA652871C61D82F00D30BFB /* RAReorderableLayout.swift in Sources */ = {isa = PBXBuildFile; fileRef = FDA652861C61D82F00D30BFB /* RAReorderableLayout.swift */; };
		FDA652931C6330EA00D30BFB /* HeaderCollectionViewCell.swift in Sources */ = {isa = PBXBuildFile; fileRef = FDA652921C6330EA00D30BFB /* HeaderCollectionViewCell.swift */; };
		FDF3B8BB1C63326F0000FCD7 /* DetailTabBarController.swift in Sources */ = {isa = PBXBuildFile; fileRef = FDF3B8BA1C63326F0000FCD7 /* DetailTabBarController.swift */; };
/* End PBXBuildFile section */

/* Begin PBXFileReference section */
		5E8D60214BBB2128FBE650CB /* Pods.debug.xcconfig */ = {isa = PBXFileReference; includeInIndex = 1; lastKnownFileType = text.xcconfig; name = Pods.debug.xcconfig; path = "Pods/Target Support Files/Pods/Pods.debug.xcconfig"; sourceTree = "<group>"; };
		A70D8BAA4B5766D09D5F2FDE /* Pods.framework */ = {isa = PBXFileReference; explicitFileType = wrapper.framework; includeInIndex = 0; path = Pods.framework; sourceTree = BUILT_PRODUCTS_DIR; };
		FD5BE9DE1C5BB5CA00535A78 /* Pomodoroban.app */ = {isa = PBXFileReference; explicitFileType = wrapper.application; includeInIndex = 0; path = Pomodoroban.app; sourceTree = BUILT_PRODUCTS_DIR; };
		FD5BE9E11C5BB5CA00535A78 /* AppDelegate.swift */ = {isa = PBXFileReference; lastKnownFileType = sourcecode.swift; path = AppDelegate.swift; sourceTree = "<group>"; };
		FD5BE9E61C5BB5CA00535A78 /* Base */ = {isa = PBXFileReference; lastKnownFileType = file.storyboard; name = Base; path = Base.lproj/Main.storyboard; sourceTree = "<group>"; };
		FD5BE9E91C5BB5CA00535A78 /* Pomodoroban.xcdatamodel */ = {isa = PBXFileReference; lastKnownFileType = wrapper.xcdatamodel; path = Pomodoroban.xcdatamodel; sourceTree = "<group>"; };
		FD5BE9EB1C5BB5CA00535A78 /* Assets.xcassets */ = {isa = PBXFileReference; lastKnownFileType = folder.assetcatalog; path = Assets.xcassets; sourceTree = "<group>"; };
		FD5BE9EE1C5BB5CA00535A78 /* Base */ = {isa = PBXFileReference; lastKnownFileType = file.storyboard; name = Base; path = Base.lproj/LaunchScreen.storyboard; sourceTree = "<group>"; };
		FD5BE9F01C5BB5CA00535A78 /* Info.plist */ = {isa = PBXFileReference; lastKnownFileType = text.plist.xml; path = Info.plist; sourceTree = "<group>"; };
		FD5BE9F61C5BD21100535A78 /* PomodoroViewController.swift */ = {isa = PBXFileReference; fileEncoding = 4; lastKnownFileType = sourcecode.swift; path = PomodoroViewController.swift; sourceTree = "<group>"; };
		FD5BEA011C5CF83100535A78 /* Ticket+CoreDataProperties.swift */ = {isa = PBXFileReference; fileEncoding = 4; lastKnownFileType = sourcecode.swift; path = "Ticket+CoreDataProperties.swift"; sourceTree = "<group>"; };
		FD5BEA021C5CF83100535A78 /* Ticket.swift */ = {isa = PBXFileReference; fileEncoding = 4; lastKnownFileType = sourcecode.swift; path = Ticket.swift; sourceTree = "<group>"; };
		FD5BEA061C5CF92A00535A78 /* BoardCollectionViewController.swift */ = {isa = PBXFileReference; fileEncoding = 4; lastKnownFileType = sourcecode.swift; path = BoardCollectionViewController.swift; sourceTree = "<group>"; };
		FD5BEA081C5D049400535A78 /* TicketCollectionViewCell.swift */ = {isa = PBXFileReference; fileEncoding = 4; lastKnownFileType = sourcecode.swift; path = TicketCollectionViewCell.swift; sourceTree = "<group>"; };
		FDA652861C61D82F00D30BFB /* RAReorderableLayout.swift */ = {isa = PBXFileReference; fileEncoding = 4; lastKnownFileType = sourcecode.swift; path = RAReorderableLayout.swift; sourceTree = "<group>"; };
		FDA652921C6330EA00D30BFB /* HeaderCollectionViewCell.swift */ = {isa = PBXFileReference; fileEncoding = 4; lastKnownFileType = sourcecode.swift; path = HeaderCollectionViewCell.swift; sourceTree = "<group>"; };
		FDF3B8BA1C63326F0000FCD7 /* DetailTabBarController.swift */ = {isa = PBXFileReference; fileEncoding = 4; lastKnownFileType = sourcecode.swift; path = DetailTabBarController.swift; sourceTree = "<group>"; };
		FE71FCE00F43FC960F9FB28E /* Pods.release.xcconfig */ = {isa = PBXFileReference; includeInIndex = 1; lastKnownFileType = text.xcconfig; name = Pods.release.xcconfig; path = "Pods/Target Support Files/Pods/Pods.release.xcconfig"; sourceTree = "<group>"; };
/* End PBXFileReference section */

/* Begin PBXFrameworksBuildPhase section */
		FD5BE9DB1C5BB5CA00535A78 /* Frameworks */ = {
			isa = PBXFrameworksBuildPhase;
			buildActionMask = 2147483647;
			files = (
				CEED4B03B80165D5FAF8E393 /* Pods.framework in Frameworks */,
			);
			runOnlyForDeploymentPostprocessing = 0;
		};
/* End PBXFrameworksBuildPhase section */

/* Begin PBXGroup section */
		2EEBA23431972463A46873AE /* Frameworks */ = {
			isa = PBXGroup;
			children = (
				A70D8BAA4B5766D09D5F2FDE /* Pods.framework */,
			);
			name = Frameworks;
			sourceTree = "<group>";
		};
		433E2D15170648381BBD71D2 /* Pods */ = {
			isa = PBXGroup;
			children = (
				5E8D60214BBB2128FBE650CB /* Pods.debug.xcconfig */,
				FE71FCE00F43FC960F9FB28E /* Pods.release.xcconfig */,
			);
			name = Pods;
			sourceTree = "<group>";
		};
		FD5BE9D51C5BB5CA00535A78 = {
			isa = PBXGroup;
			children = (
				FD5BE9E01C5BB5CA00535A78 /* Pomodoroban */,
				FD5BE9DF1C5BB5CA00535A78 /* Products */,
				433E2D15170648381BBD71D2 /* Pods */,
				2EEBA23431972463A46873AE /* Frameworks */,
			);
			sourceTree = "<group>";
		};
		FD5BE9DF1C5BB5CA00535A78 /* Products */ = {
			isa = PBXGroup;
			children = (
				FD5BE9DE1C5BB5CA00535A78 /* Pomodoroban.app */,
			);
			name = Products;
			sourceTree = "<group>";
		};
		FD5BE9E01C5BB5CA00535A78 /* Pomodoroban */ = {
			isa = PBXGroup;
			children = (
				FD5BEA051C5CF86B00535A78 /* Other */,
				FD5BE9FE1C5CF79400535A78 /* ViewControllers */,
				FD5BE9FD1C5CF77100535A78 /* Model */,
			);
			path = Pomodoroban;
			sourceTree = "<group>";
		};
		FD5BE9FD1C5CF77100535A78 /* Model */ = {
			isa = PBXGroup;
			children = (
				FD5BE9E81C5BB5CA00535A78 /* Pomodoroban.xcdatamodeld */,
				FD5BEA021C5CF83100535A78 /* Ticket.swift */,
				FD5BEA011C5CF83100535A78 /* Ticket+CoreDataProperties.swift */,
			);
			name = Model;
			sourceTree = "<group>";
		};
		FD5BE9FE1C5CF79400535A78 /* ViewControllers */ = {
			isa = PBXGroup;
			children = (
				FD5BEA061C5CF92A00535A78 /* BoardCollectionViewController.swift */,
				FD5BE9F61C5BD21100535A78 /* PomodoroViewController.swift */,
				FD5BEA081C5D049400535A78 /* TicketCollectionViewCell.swift */,
				FDA652921C6330EA00D30BFB /* HeaderCollectionViewCell.swift */,
				FDF3B8BA1C63326F0000FCD7 /* DetailTabBarController.swift */,
			);
			name = ViewControllers;
			sourceTree = "<group>";
		};
		FD5BEA051C5CF86B00535A78 /* Other */ = {
			isa = PBXGroup;
			children = (
				FDA652861C61D82F00D30BFB /* RAReorderableLayout.swift */,
				FD5BE9E11C5BB5CA00535A78 /* AppDelegate.swift */,
				FD5BE9EB1C5BB5CA00535A78 /* Assets.xcassets */,
				FD5BE9F01C5BB5CA00535A78 /* Info.plist */,
				FD5BE9ED1C5BB5CA00535A78 /* LaunchScreen.storyboard */,
				FD5BE9E51C5BB5CA00535A78 /* Main.storyboard */,
			);
			name = Other;
			sourceTree = "<group>";
		};
/* End PBXGroup section */

/* Begin PBXNativeTarget section */
		FD5BE9DD1C5BB5CA00535A78 /* Pomodoroban */ = {
			isa = PBXNativeTarget;
			buildConfigurationList = FD5BE9F31C5BB5CA00535A78 /* Build configuration list for PBXNativeTarget "Pomodoroban" */;
			buildPhases = (
				47965FA16FA6C2C352E5DF58 /* Check Pods Manifest.lock */,
				FD5BE9DA1C5BB5CA00535A78 /* Sources */,
				FD5BE9DB1C5BB5CA00535A78 /* Frameworks */,
				FD5BE9DC1C5BB5CA00535A78 /* Resources */,
				6BEA5FC937B9504B9056CDED /* Embed Pods Frameworks */,
				36EDBE0BE225ABCE5FA561C6 /* Copy Pods Resources */,
				FD5BE9F81C5BD91C00535A78 /* ShellScript */,
			);
			buildRules = (
			);
			dependencies = (
			);
			name = Pomodoroban;
			productName = Pomodoroban;
			productReference = FD5BE9DE1C5BB5CA00535A78 /* Pomodoroban.app */;
			productType = "com.apple.product-type.application";
		};
/* End PBXNativeTarget section */

/* Begin PBXProject section */
		FD5BE9D61C5BB5CA00535A78 /* Project object */ = {
			isa = PBXProject;
			attributes = {
				LastSwiftUpdateCheck = 0720;
				LastUpgradeCheck = 0720;
				ORGANIZATIONNAME = LondonSwift;
				TargetAttributes = {
					FD5BE9DD1C5BB5CA00535A78 = {
						CreatedOnToolsVersion = 7.2;
						DevelopmentTeam = 3U786KR73N;
					};
				};
			};
			buildConfigurationList = FD5BE9D91C5BB5CA00535A78 /* Build configuration list for PBXProject "Pomodoroban" */;
			compatibilityVersion = "Xcode 3.2";
			developmentRegion = English;
			hasScannedForEncodings = 0;
			knownRegions = (
				en,
				Base,
			);
			mainGroup = FD5BE9D51C5BB5CA00535A78;
			productRefGroup = FD5BE9DF1C5BB5CA00535A78 /* Products */;
			projectDirPath = "";
			projectRoot = "";
			targets = (
				FD5BE9DD1C5BB5CA00535A78 /* Pomodoroban */,
			);
		};
/* End PBXProject section */

/* Begin PBXResourcesBuildPhase section */
		FD5BE9DC1C5BB5CA00535A78 /* Resources */ = {
			isa = PBXResourcesBuildPhase;
			buildActionMask = 2147483647;
			files = (
				FD5BE9EF1C5BB5CA00535A78 /* LaunchScreen.storyboard in Resources */,
				FD5BE9EC1C5BB5CA00535A78 /* Assets.xcassets in Resources */,
				FD5BE9E71C5BB5CA00535A78 /* Main.storyboard in Resources */,
			);
			runOnlyForDeploymentPostprocessing = 0;
		};
/* End PBXResourcesBuildPhase section */

/* Begin PBXShellScriptBuildPhase section */
		36EDBE0BE225ABCE5FA561C6 /* Copy Pods Resources */ = {
			isa = PBXShellScriptBuildPhase;
			buildActionMask = 2147483647;
			files = (
			);
			inputPaths = (
			);
			name = "Copy Pods Resources";
			outputPaths = (
			);
			runOnlyForDeploymentPostprocessing = 0;
			shellPath = /bin/sh;
			shellScript = "\"${SRCROOT}/Pods/Target Support Files/Pods/Pods-resources.sh\"\n";
			showEnvVarsInLog = 0;
		};
		47965FA16FA6C2C352E5DF58 /* Check Pods Manifest.lock */ = {
			isa = PBXShellScriptBuildPhase;
			buildActionMask = 2147483647;
			files = (
			);
			inputPaths = (
			);
			name = "Check Pods Manifest.lock";
			outputPaths = (
			);
			runOnlyForDeploymentPostprocessing = 0;
			shellPath = /bin/sh;
			shellScript = "diff \"${PODS_ROOT}/../Podfile.lock\" \"${PODS_ROOT}/Manifest.lock\" > /dev/null\nif [[ $? != 0 ]] ; then\n    cat << EOM\nerror: The sandbox is not in sync with the Podfile.lock. Run 'pod install' or update your CocoaPods installation.\nEOM\n    exit 1\nfi\n";
			showEnvVarsInLog = 0;
		};
		6BEA5FC937B9504B9056CDED /* Embed Pods Frameworks */ = {
			isa = PBXShellScriptBuildPhase;
			buildActionMask = 2147483647;
			files = (
			);
			inputPaths = (
			);
			name = "Embed Pods Frameworks";
			outputPaths = (
			);
			runOnlyForDeploymentPostprocessing = 0;
			shellPath = /bin/sh;
			shellScript = "\"${SRCROOT}/Pods/Target Support Files/Pods/Pods-frameworks.sh\"\n";
			showEnvVarsInLog = 0;
		};
		FD5BE9F81C5BD91C00535A78 /* ShellScript */ = {
			isa = PBXShellScriptBuildPhase;
			buildActionMask = 2147483647;
			files = (
			);
			inputPaths = (
			);
			outputPaths = (
			);
			runOnlyForDeploymentPostprocessing = 0;
			shellPath = /bin/sh;
			shellScript = "\"${PODS_ROOT}/Fabric/run\" 3ef96aea5c3fc3bce538d64de1b929e339cf407f 1280a7ecf875ed15aa7be8f93a3ffa0387bdf2b0dbfc4848097db199ccbd51df";
		};
/* End PBXShellScriptBuildPhase section */

/* Begin PBXSourcesBuildPhase section */
		FD5BE9DA1C5BB5CA00535A78 /* Sources */ = {
			isa = PBXSourcesBuildPhase;
			buildActionMask = 2147483647;
			files = (
				FDA652931C6330EA00D30BFB /* HeaderCollectionViewCell.swift in Sources */,
				FD5BEA091C5D049400535A78 /* TicketCollectionViewCell.swift in Sources */,
				FD5BE9EA1C5BB5CA00535A78 /* Pomodoroban.xcdatamodeld in Sources */,
				FD5BEA041C5CF83100535A78 /* Ticket.swift in Sources */,
				FD5BE9F71C5BD21100535A78 /* PomodoroViewController.swift in Sources */,
				FDA652871C61D82F00D30BFB /* RAReorderableLayout.swift in Sources */,
				FD5BEA071C5CF92A00535A78 /* BoardCollectionViewController.swift in Sources */,
				FD5BEA031C5CF83100535A78 /* Ticket+CoreDataProperties.swift in Sources */,
				FDF3B8BB1C63326F0000FCD7 /* DetailTabBarController.swift in Sources */,
				FD5BE9E21C5BB5CA00535A78 /* AppDelegate.swift in Sources */,
			);
			runOnlyForDeploymentPostprocessing = 0;
		};
/* End PBXSourcesBuildPhase section */

/* Begin PBXVariantGroup section */
		FD5BE9E51C5BB5CA00535A78 /* Main.storyboard */ = {
			isa = PBXVariantGroup;
			children = (
				FD5BE9E61C5BB5CA00535A78 /* Base */,
			);
			name = Main.storyboard;
			sourceTree = "<group>";
		};
		FD5BE9ED1C5BB5CA00535A78 /* LaunchScreen.storyboard */ = {
			isa = PBXVariantGroup;
			children = (
				FD5BE9EE1C5BB5CA00535A78 /* Base */,
			);
			name = LaunchScreen.storyboard;
			sourceTree = "<group>";
		};
/* End PBXVariantGroup section */

/* Begin XCBuildConfiguration section */
		FD5BE9F11C5BB5CA00535A78 /* Debug */ = {
			isa = XCBuildConfiguration;
			buildSettings = {
				ALWAYS_SEARCH_USER_PATHS = NO;
				CLANG_CXX_LANGUAGE_STANDARD = "gnu++0x";
				CLANG_CXX_LIBRARY = "libc++";
				CLANG_ENABLE_MODULES = YES;
				CLANG_ENABLE_OBJC_ARC = YES;
				CLANG_WARN_BOOL_CONVERSION = YES;
				CLANG_WARN_CONSTANT_CONVERSION = YES;
				CLANG_WARN_DIRECT_OBJC_ISA_USAGE = YES_ERROR;
				CLANG_WARN_EMPTY_BODY = YES;
				CLANG_WARN_ENUM_CONVERSION = YES;
				CLANG_WARN_INT_CONVERSION = YES;
				CLANG_WARN_OBJC_ROOT_CLASS = YES_ERROR;
				CLANG_WARN_UNREACHABLE_CODE = YES;
				CLANG_WARN__DUPLICATE_METHOD_MATCH = YES;
				"CODE_SIGN_IDENTITY[sdk=iphoneos*]" = "iPhone Developer";
				COPY_PHASE_STRIP = NO;
				DEBUG_INFORMATION_FORMAT = dwarf;
				ENABLE_STRICT_OBJC_MSGSEND = YES;
				ENABLE_TESTABILITY = YES;
				GCC_C_LANGUAGE_STANDARD = gnu99;
				GCC_DYNAMIC_NO_PIC = NO;
				GCC_NO_COMMON_BLOCKS = YES;
				GCC_OPTIMIZATION_LEVEL = 0;
				GCC_PREPROCESSOR_DEFINITIONS = (
					"DEBUG=1",
					"$(inherited)",
				);
				GCC_WARN_64_TO_32_BIT_CONVERSION = YES;
				GCC_WARN_ABOUT_RETURN_TYPE = YES_ERROR;
				GCC_WARN_UNDECLARED_SELECTOR = YES;
				GCC_WARN_UNINITIALIZED_AUTOS = YES_AGGRESSIVE;
				GCC_WARN_UNUSED_FUNCTION = YES;
				GCC_WARN_UNUSED_VARIABLE = YES;
				IPHONEOS_DEPLOYMENT_TARGET = 9.2;
				MTL_ENABLE_DEBUG_INFO = YES;
				ONLY_ACTIVE_ARCH = YES;
				SDKROOT = iphoneos;
				SWIFT_OPTIMIZATION_LEVEL = "-Onone";
				TARGETED_DEVICE_FAMILY = "1,2";
			};
			name = Debug;
		};
		FD5BE9F21C5BB5CA00535A78 /* Release */ = {
			isa = XCBuildConfiguration;
			buildSettings = {
				ALWAYS_SEARCH_USER_PATHS = NO;
				CLANG_CXX_LANGUAGE_STANDARD = "gnu++0x";
				CLANG_CXX_LIBRARY = "libc++";
				CLANG_ENABLE_MODULES = YES;
				CLANG_ENABLE_OBJC_ARC = YES;
				CLANG_WARN_BOOL_CONVERSION = YES;
				CLANG_WARN_CONSTANT_CONVERSION = YES;
				CLANG_WARN_DIRECT_OBJC_ISA_USAGE = YES_ERROR;
				CLANG_WARN_EMPTY_BODY = YES;
				CLANG_WARN_ENUM_CONVERSION = YES;
				CLANG_WARN_INT_CONVERSION = YES;
				CLANG_WARN_OBJC_ROOT_CLASS = YES_ERROR;
				CLANG_WARN_UNREACHABLE_CODE = YES;
				CLANG_WARN__DUPLICATE_METHOD_MATCH = YES;
				"CODE_SIGN_IDENTITY[sdk=iphoneos*]" = "iPhone Developer";
				COPY_PHASE_STRIP = NO;
				DEBUG_INFORMATION_FORMAT = "dwarf-with-dsym";
				ENABLE_NS_ASSERTIONS = NO;
				ENABLE_STRICT_OBJC_MSGSEND = YES;
				GCC_C_LANGUAGE_STANDARD = gnu99;
				GCC_NO_COMMON_BLOCKS = YES;
				GCC_WARN_64_TO_32_BIT_CONVERSION = YES;
				GCC_WARN_ABOUT_RETURN_TYPE = YES_ERROR;
				GCC_WARN_UNDECLARED_SELECTOR = YES;
				GCC_WARN_UNINITIALIZED_AUTOS = YES_AGGRESSIVE;
				GCC_WARN_UNUSED_FUNCTION = YES;
				GCC_WARN_UNUSED_VARIABLE = YES;
				IPHONEOS_DEPLOYMENT_TARGET = 9.2;
				MTL_ENABLE_DEBUG_INFO = NO;
				SDKROOT = iphoneos;
				TARGETED_DEVICE_FAMILY = "1,2";
				VALIDATE_PRODUCT = YES;
			};
			name = Release;
		};
		FD5BE9F41C5BB5CA00535A78 /* Debug */ = {
			isa = XCBuildConfiguration;
			baseConfigurationReference = 5E8D60214BBB2128FBE650CB /* Pods.debug.xcconfig */;
			buildSettings = {
				ASSETCATALOG_COMPILER_APPICON_NAME = AppIcon;
				CODE_SIGN_IDENTITY = "iPhone Developer";
				INFOPLIST_FILE = Pomodoroban/Info.plist;
				LD_RUNPATH_SEARCH_PATHS = "$(inherited) @executable_path/Frameworks";
				PRODUCT_BUNDLE_IDENTIFIER = com.LondonSwift.Pomodoroban;
				PRODUCT_NAME = "$(TARGET_NAME)";
			};
			name = Debug;
		};
		FD5BE9F51C5BB5CA00535A78 /* Release */ = {
			isa = XCBuildConfiguration;
			baseConfigurationReference = FE71FCE00F43FC960F9FB28E /* Pods.release.xcconfig */;
			buildSettings = {
				ASSETCATALOG_COMPILER_APPICON_NAME = AppIcon;
				CODE_SIGN_IDENTITY = "iPhone Developer";
				INFOPLIST_FILE = Pomodoroban/Info.plist;
				LD_RUNPATH_SEARCH_PATHS = "$(inherited) @executable_path/Frameworks";
				PRODUCT_BUNDLE_IDENTIFIER = com.LondonSwift.Pomodoroban;
				PRODUCT_NAME = "$(TARGET_NAME)";
			};
			name = Release;
		};
/* End XCBuildConfiguration section */

/* Begin XCConfigurationList section */
		FD5BE9D91C5BB5CA00535A78 /* Build configuration list for PBXProject "Pomodoroban" */ = {
			isa = XCConfigurationList;
			buildConfigurations = (
				FD5BE9F11C5BB5CA00535A78 /* Debug */,
				FD5BE9F21C5BB5CA00535A78 /* Release */,
			);
			defaultConfigurationIsVisible = 0;
			defaultConfigurationName = Release;
		};
		FD5BE9F31C5BB5CA00535A78 /* Build configuration list for PBXNativeTarget "Pomodoroban" */ = {
			isa = XCConfigurationList;
			buildConfigurations = (
				FD5BE9F41C5BB5CA00535A78 /* Debug */,
				FD5BE9F51C5BB5CA00535A78 /* Release */,
			);
			defaultConfigurationIsVisible = 0;
			defaultConfigurationName = Release;
		};
/* End XCConfigurationList section */

/* Begin XCVersionGroup section */
		FD5BE9E81C5BB5CA00535A78 /* Pomodoroban.xcdatamodeld */ = {
			isa = XCVersionGroup;
			children = (
				FD5BE9E91C5BB5CA00535A78 /* Pomodoroban.xcdatamodel */,
			);
			currentVersion = FD5BE9E91C5BB5CA00535A78 /* Pomodoroban.xcdatamodel */;
			path = Pomodoroban.xcdatamodeld;
			sourceTree = "<group>";
			versionGroupType = wrapper.xcdatamodel;
		};
/* End XCVersionGroup section */
	};
	rootObject = FD5BE9D61C5BB5CA00535A78 /* Project object */;
}
